github.com/joliver/docpile v0.0.0-20190215205102-ee9919a8f6fa h1:UsCMibSfDLuSdJitrRTDvU+Whw6mE2L6om/SG9f28oY=
github.com/joliver/docpile v0.0.0-20190215205102-ee9919a8f6fa/go.mod h1:bMLFmcFnH3B02/dPN8cVUL309vzFfs2ka9lkLztdGj0=
github.com/julienschmidt/httprouter v1.2.0 h1:TDTW5Yz1mjftljbcKqRcrYhd4XeOoI98t+9HbQbYf7g=
github.com/julienschmidt/httprouter v1.2.0/go.mod h1:SYymIcj16QtmaHHD7aYtjjsJG7VTCxuUUipMqKk8s4w=
github.com/sahilm/fuzzy v0.1.0 h1:FzWGaw2Opqyu+794ZQ9SYifWv2EIXpwP4q8dY1kDAwI=
github.com/sahilm/fuzzy v0.1.0/go.mod h1:VFvziUEIMCrT6A6tw2RFIXPXXmzXbOsSHF0DOI8ZK9Y=
github.com/smartystreets/clock v0.0.0-20180622225331-ccbde14dc671 h1:wvSmZdRIBm4DONZZdBPoD/yjtj2wLiYowPDr55IZHxI=
github.com/smartystreets/clock v0.0.0-20180622225331-ccbde14dc671/go.mod h1:BsOg323oIf8BtWXjDSLZHE2jVzhjSahj1I+0ehz15rg=
github.com/smartystreets/detour v0.0.0-20180801222740-a30ff1bc24b7 h1:fjFJF7a41wPl7TpFoGmtf0eVLS3AXFbs/32wZKpetms=
github.com/smartystreets/detour v0.0.0-20180801222740-a30ff1bc24b7/go.mod h1:Drf06Tf9ugoxtqZg7IGGI0jNUOFifoJEB+BfX5EmQZk=
github.com/smartystreets/httpx v0.0.0-20181231165625-b87705953f33 h1:EvPCJCD/u0KqKOToUjoCBBzNJZsY3l4QJkI2vpYdOiA=
github.com/smartystreets/httpx v0.0.0-20181231165625-b87705953f33/go.mod h1:eFNwEN0dl6eqoeJr36fJT8Jv8TGqJ9m9iT+j6otAZUw=
github.com/smartystreets/listeners v0.0.0-20180626153309-1f827ba2eb98 h1:99mldFTQV4JlR4q3LSPakFUqLlp6x1FR7FIXSFthV+g=
github.com/smartystreets/listeners v0.0.0-20180626153309-1f827ba2eb98/go.mod h1:Erxio5TwQ3Fi1aF1hFxTgaBHIet97sdGgjIVyrt/O2Y=
github.com/smartystreets/logging v0.0.0-20180120051237-fcc265ebff02 h1:ja8mc9Oq8jnzSxBBZAOkxYudug16fUi5YdSTueqp9qQ=
github.com/smartystreets/logging v0.0.0-20180120051237-fcc265ebff02/go.mod h1:CFznTL3ZATteeeLCfHP4kXU02NEeNiHsmMyxC6Fy2k0=
github.com/smartystreets/messaging v0.0.0-20180526231542-831e8b32e29e h1:+Ukp8JHRCZGZicecnLJsiXIn5ryQXnp+m8D9a6f59wI=
github.com/smartystreets/messaging v0.0.0-20180526231542-831e8b32e29e/go.mod h1:sJ3Ru4p4kuO8XBWYOyiewrkRgkl2qw+1eiIsi0LYp+A=
github.com/smartystreets/pipeline v0.0.0-20180517142224-13999e54c81b h1:Neget1KHS+vAP7V+o/prvVqc2QT2hHyil7+hAcPFDMw=
github.com/smartystreets/pipeline v0.0.0-20180517142224-13999e54c81b/go.mod h1:89kmwvqW+XQVvnMvN5E1/VHB3fXJ+vo+nXGLuEhkX9k=
